
Microsoft Visual Studio Solution File, Format Version 12.00
# Visual Studio Version 16
VisualStudioVersion = 16.0.30225.117
MinimumVisualStudioVersion = 10.0.40219.1
Project("{FAE04EC0-301F-11D3-BF4B-00C04F79EFBC}") = "VideoDemo", "VideoDemo.csproj", "{01B62DBD-35C0-4FC0-AA59-A4C3E0652B3D}"
EndProject
Global
	GlobalSection(SolutionConfigurationPlatforms) = preSolution
		Debug|Any CPU = Debug|Any CPU
		Release|Any CPU = Release|Any CPU
	EndGlobalSection
	GlobalSection(ProjectConfigurationPlatforms) = postSolution
		{01B62DBD-35C0-4FC0-AA59-A4C3E0652B3D}.Debug|Any CPU.ActiveCfg = Debug|Any CPU
		{01B62DBD-35C0-4FC0-AA59-A4C3E0652B3D}.Debug|Any CPU.Build.0 = Debug|Any CPU
		{01B62DBD-35C0-4FC0-AA59-A4C3E0652B3D}.Release|Any CPU.ActiveCfg = Release|Any CPU
		{01B62DBD-35C0-4FC0-AA59-A4C3E0652B3D}.Release|Any CPU.Build.0 = Release|Any CPU
	EndGlobalSection
	GlobalSection(SolutionProperties) = preSolution
		HideSolutionNode = FALSE
	EndGlobalSection
	GlobalSection(ExtensibilityGlobals) = postSolution
		SolutionGuid = {8DF60AE7-6B4C-4391-93AB-9A8ED78599BC}
	EndGlobalSection
EndGlobal
